{
  "requires": true,
  "lockfileVersion": 1,
  "dependencies": {
    "async": {
      "version": "0.2.10",
      "resolved": "https://registry.npmjs.org/async/-/async-0.2.10.tgz",
      "integrity": "sha1-trvgsGdLnXGXCMo43owjfLUmw9E="
    },
    "cache-storage": {
      "version": "2.0.1",
      "resolved": "https://registry.npmjs.org/cache-storage/-/cache-storage-2.0.1.tgz",
      "integrity": "sha1-5etXDDB+YeKjERn1wyYnWx/SLOc=",
      "requires": {
        "async": "~0.2.9",
        "moment": "~2.5.0",
        "redis": "~0.10.0"
      }
    },
    "callsite": {
      "version": "1.0.0",
      "resolved": "https://registry.npmjs.org/callsite/-/callsite-1.0.0.tgz",
      "integrity": "sha1-KAOY5dZkvXQDi28JBRU+borxvCA="
    },
    "escape-regexp": {
      "version": "0.0.1",
      "resolved": "https://registry.npmjs.org/escape-regexp/-/escape-regexp-0.0.1.tgz",
      "integrity": "sha1-9EvaEtRbvfnLf4Yu5+SCez3TIlQ="
    },
    "fs-finder": {
      "version": "1.8.1",
      "resolved": "https://registry.npmjs.org/fs-finder/-/fs-finder-1.8.1.tgz",
      "integrity": "sha1-EG/qiqidCvNDNgZj1YVYYsrhuHQ=",
      "requires": {
        "async": "~0.2.9",
        "escape-regexp": "~0.0.1",
        "moment": "~2.5.0",
        "operator-compare": "~1.0.1",
        "q": "~1.0.0"
      }
    },
    "moment": {
      "version": "2.5.1",
      "resolved": "https://registry.npmjs.org/moment/-/moment-2.5.1.tgz",
      "integrity": "sha1-cUajkAUzBkynmdXnkvTkgO4Ogrw="
    },
    "normalize-arguments": {
      "version": "1.2.1",
      "resolved": "https://registry.npmjs.org/normalize-arguments/-/normalize-arguments-1.2.1.tgz",
      "integrity": "sha1-ykKBwSyFBc0LJUPXIErmnsXH/Uk="
    },
    "operator-compare": {
      "version": "1.0.3",
      "resolved": "https://registry.npmjs.org/operator-compare/-/operator-compare-1.0.3.tgz",
      "integrity": "sha1-jQbQlLwbg6YH/JyfOABEeIZZGvk="
    },
    "q": {
      "version": "1.0.1",
      "resolved": "https://registry.npmjs.org/q/-/q-1.0.1.tgz",
      "integrity": "sha1-EYcq7t7okmgRCxCnGESP+xARKhQ="
    },
    "redis": {
      "version": "0.10.3",
      "resolved": "https://registry.npmjs.org/redis/-/redis-0.10.3.tgz",
      "integrity": "sha1-iSf+IRDuOWF7zz/Te4nY4SORG7Y="
    },
    "translator": {
      "version": "1.9.1",
      "resolved": "https://registry.npmjs.org/translator/-/translator-1.9.1.tgz",
      "integrity": "sha1-GL4FQ8WylYQ16RJ9kJdQ/uztxDc=",
      "requires": {
        "cache-storage": "~2.0.0",
        "callsite": "~1.0.0",
        "fs-finder": "~1.8.0",
        "normalize-arguments": "~1.2.0"
      }
    }
  }
}
